
Microsoft Visual Studio Solution File, Format Version 12.00
# Visual Studio Version 17
VisualStudioVersion = 17.9.34616.47
MinimumVisualStudioVersion = 10.0.40219.1
Project("{FAE04EC0-301F-11D3-BF4B-00C04F79EFBC}") = "Proyecto de  Aula #1", "Proyecto de  Aula #1\Proyecto de  Aula #1.csproj", "{B563B24E-ADE6-4A4C-A26C-2FABA28EA083}"
EndProject
Global
	GlobalSection(SolutionConfigurationPlatforms) = preSolution
		Debug|Any CPU = Debug|Any CPU
		Release|Any CPU = Release|Any CPU
	EndGlobalSection
	GlobalSection(ProjectConfigurationPlatforms) = postSolution
		{B563B24E-ADE6-4A4C-A26C-2FABA28EA083}.Debug|Any CPU.ActiveCfg = Debug|Any CPU
		{B563B24E-ADE6-4A4C-A26C-2FABA28EA083}.Debug|Any CPU.Build.0 = Debug|Any CPU
		{B563B24E-ADE6-4A4C-A26C-2FABA28EA083}.Release|Any CPU.ActiveCfg = Release|Any CPU
		{B563B24E-ADE6-4A4C-A26C-2FABA28EA083}.Release|Any CPU.Build.0 = Release|Any CPU
	EndGlobalSection
	GlobalSection(SolutionProperties) = preSolution
		HideSolutionNode = FALSE
	EndGlobalSection
	GlobalSection(ExtensibilityGlobals) = postSolution
		SolutionGuid = {2F8DACAC-45CE-4604-B263-9201E6732439}
	EndGlobalSection
EndGlobal
